
Microsoft Visual Studio Solution File, Format Version 12.00
# Visual Studio 2013
VisualStudioVersion = 12.0.30501.0
MinimumVisualStudioVersion = 10.0.40219.1
Project("{FAE04EC0-301F-11D3-BF4B-00C04F79EFBC}") = "BananaProject", "BananaProject\BananaProject.csproj", "{147E5CBF-0C82-4CA1-BA46-79FA1AABCFA0}"
EndProject
Global
	GlobalSection(SolutionConfigurationPlatforms) = preSolution
		Debug|Any CPU = Debug|Any CPU
		Release|Any CPU = Release|Any CPU
	EndGlobalSection
	GlobalSection(ProjectConfigurationPlatforms) = postSolution
		{147E5CBF-0C82-4CA1-BA46-79FA1AABCFA0}.Debug|Any CPU.ActiveCfg = Debug|Any CPU
		{147E5CBF-0C82-4CA1-BA46-79FA1AABCFA0}.Debug|Any CPU.Build.0 = Debug|Any CPU
		{147E5CBF-0C82-4CA1-BA46-79FA1AABCFA0}.Release|Any CPU.ActiveCfg = Release|Any CPU
		{147E5CBF-0C82-4CA1-BA46-79FA1AABCFA0}.Release|Any CPU.Build.0 = Release|Any CPU
	EndGlobalSection
	GlobalSection(SolutionProperties) = preSolution
		HideSolutionNode = FALSE
	EndGlobalSection
EndGlobal
